
Microsoft Visual Studio Solution File, Format Version 12.00
# Visual Studio Express 2012 for Windows Desktop
Project("{FAE04EC0-301F-11D3-BF4B-00C04F79EFBC}") = "NDF", "NDF\NDF.csproj", "{147AAB30-638E-43DC-A4FF-E5359F5519FE}"
EndProject
Global
	GlobalSection(SolutionConfigurationPlatforms) = preSolution
		Debug|Any CPU = Debug|Any CPU
		Release|Any CPU = Release|Any CPU
	EndGlobalSection
	GlobalSection(ProjectConfigurationPlatforms) = postSolution
		{147AAB30-638E-43DC-A4FF-E5359F5519FE}.Debug|Any CPU.ActiveCfg = Debug|Any CPU
		{147AAB30-638E-43DC-A4FF-E5359F5519FE}.Debug|Any CPU.Build.0 = Debug|Any CPU
		{147AAB30-638E-43DC-A4FF-E5359F5519FE}.Release|Any CPU.ActiveCfg = Release|Any CPU
		{147AAB30-638E-43DC-A4FF-E5359F5519FE}.Release|Any CPU.Build.0 = Release|Any CPU
	EndGlobalSection
	GlobalSection(SolutionProperties) = preSolution
		HideSolutionNode = FALSE
	EndGlobalSection
EndGlobal
